
Microsoft Visual Studio Solution File, Format Version 12.00
# Visual Studio 15
VisualStudioVersion = 15.0.28010.2019
MinimumVisualStudioVersion = 10.0.40219.1
Project("{FAE04EC0-301F-11D3-BF4B-00C04F79EFBC}") = "Yaroslav_Andreiev_Epam_Lab1_2_HW", "Yaroslav_Andreiev_Epam_Lab1_2_HW\Yaroslav_Andreiev_Epam_Lab1_2_HW.csproj", "{492161F4-A2A5-4860-BC6A-F113783E497C}"
EndProject
Project("{2150E333-8FDC-42A3-9474-1A3956D46DE8}") = "Lab1", "Lab1", "{750C65CA-09FB-465D-B9F3-D53980C9FD4E}"
EndProject
Project("{2150E333-8FDC-42A3-9474-1A3956D46DE8}") = "Lab2", "Lab2", "{93C37540-D52A-4F4B-BF2B-91F4A84FB525}"
EndProject
Project("{2150E333-8FDC-42A3-9474-1A3956D46DE8}") = "Task1", "Task1", "{77BA3458-1FCC-4C95-8197-2C8714AF132B}"
EndProject
Project("{2150E333-8FDC-42A3-9474-1A3956D46DE8}") = "Task2", "Task2", "{C4365B52-6404-4D41-AB9E-D88710EBDF41}"
EndProject
Project("{2150E333-8FDC-42A3-9474-1A3956D46DE8}") = "Task3", "Task3", "{3AA8676E-327D-4128-9991-16A194ADFD89}"
EndProject
Project("{2150E333-8FDC-42A3-9474-1A3956D46DE8}") = "Task4", "Task4", "{ADB620F4-7F21-4D6F-861D-302A5907F1AD}"
EndProject
Project("{2150E333-8FDC-42A3-9474-1A3956D46DE8}") = "Task5", "Task5", "{E6F7E211-7C6B-49B9-8183-8451FE2107D8}"
EndProject
Project("{2150E333-8FDC-42A3-9474-1A3956D46DE8}") = "Task1", "Task1", "{92AD8315-B68F-46A3-B44C-C0818242DAAB}"
EndProject
Project("{2150E333-8FDC-42A3-9474-1A3956D46DE8}") = "Task2", "Task2", "{D474FDA8-9F76-4843-9098-942648F4FE6D}"
EndProject
Project("{2150E333-8FDC-42A3-9474-1A3956D46DE8}") = "Task3", "Task3", "{E12BC1AC-E1E2-4592-A0E3-F92BF39107B5}"
EndProject
Project("{2150E333-8FDC-42A3-9474-1A3956D46DE8}") = "Task4", "Task4", "{6A05E9AE-3A45-414E-921A-E3E546CF9345}"
EndProject
Project("{FAE04EC0-301F-11D3-BF4B-00C04F79EFBC}") = "Task1", "Task1\Task1.csproj", "{8BB28D33-7849-4C80-BA10-FF55B27348EC}"
EndProject
Project("{FAE04EC0-301F-11D3-BF4B-00C04F79EFBC}") = "Task2", "Rectangle_Auto_Implemented\Task2.csproj", "{58805620-EB95-4A23-AA26-DB76ED225F44}"
EndProject
Project("{FAE04EC0-301F-11D3-BF4B-00C04F79EFBC}") = "Task3", "Task3\Task3.csproj", "{5E590C4E-C6A3-430D-AF8A-3FDE709CA5AB}"
EndProject
Project("{FAE04EC0-301F-11D3-BF4B-00C04F79EFBC}") = "Task4", "Task4\Task4.csproj", "{C6AEE9B0-2135-43E5-A3D4-805014938024}"
EndProject
Project("{FAE04EC0-301F-11D3-BF4B-00C04F79EFBC}") = "Task5", "Task5\Task5.csproj", "{D49C5086-DE27-438D-AAA6-530BF1B4DEB5}"
EndProject
Project("{FAE04EC0-301F-11D3-BF4B-00C04F79EFBC}") = "2Task1", "2Task1\2Task1.csproj", "{FD41853B-17CD-44E9-BAC1-114346AD6D79}"
EndProject
Project("{FAE04EC0-301F-11D3-BF4B-00C04F79EFBC}") = "2Task2", "2Task2\2Task2.csproj", "{1226BD86-2E62-4115-98D9-CE208DAC8B90}"
EndProject
Project("{FAE04EC0-301F-11D3-BF4B-00C04F79EFBC}") = "2Task3", "2Task3\2Task3.csproj", "{BE55420F-1D95-4D19-A490-C9727A32530C}"
EndProject
Project("{FAE04EC0-301F-11D3-BF4B-00C04F79EFBC}") = "2Task4", "2Task4\2Task4.csproj", "{9EBDC274-7539-45D5-8087-C25F834E36BD}"
EndProject
Project("{2150E333-8FDC-42A3-9474-1A3956D46DE8}") = "Lab3", "Lab3", "{93A57C4F-EBA9-49CB-8E38-EBCC39A8E0DB}"
EndProject
Project("{FAE04EC0-301F-11D3-BF4B-00C04F79EFBC}") = "3Task1_2", "3Task1_2\3Task1_2.csproj", "{DE8F003F-CDA5-4CBB-B91C-A25480F21414}"
EndProject
Global
	GlobalSection(SolutionConfigurationPlatforms) = preSolution
		Debug|Any CPU = Debug|Any CPU
		Release|Any CPU = Release|Any CPU
	EndGlobalSection
	GlobalSection(ProjectConfigurationPlatforms) = postSolution
		{492161F4-A2A5-4860-BC6A-F113783E497C}.Debug|Any CPU.ActiveCfg = Debug|Any CPU
		{492161F4-A2A5-4860-BC6A-F113783E497C}.Debug|Any CPU.Build.0 = Debug|Any CPU
		{492161F4-A2A5-4860-BC6A-F113783E497C}.Release|Any CPU.ActiveCfg = Release|Any CPU
		{492161F4-A2A5-4860-BC6A-F113783E497C}.Release|Any CPU.Build.0 = Release|Any CPU
		{8BB28D33-7849-4C80-BA10-FF55B27348EC}.Debug|Any CPU.ActiveCfg = Debug|Any CPU
		{8BB28D33-7849-4C80-BA10-FF55B27348EC}.Debug|Any CPU.Build.0 = Debug|Any CPU
		{8BB28D33-7849-4C80-BA10-FF55B27348EC}.Release|Any CPU.ActiveCfg = Release|Any CPU
		{8BB28D33-7849-4C80-BA10-FF55B27348EC}.Release|Any CPU.Build.0 = Release|Any CPU
		{58805620-EB95-4A23-AA26-DB76ED225F44}.Debug|Any CPU.ActiveCfg = Debug|Any CPU
		{58805620-EB95-4A23-AA26-DB76ED225F44}.Debug|Any CPU.Build.0 = Debug|Any CPU
		{58805620-EB95-4A23-AA26-DB76ED225F44}.Release|Any CPU.ActiveCfg = Release|Any CPU
		{58805620-EB95-4A23-AA26-DB76ED225F44}.Release|Any CPU.Build.0 = Release|Any CPU
		{5E590C4E-C6A3-430D-AF8A-3FDE709CA5AB}.Debug|Any CPU.ActiveCfg = Debug|Any CPU
		{5E590C4E-C6A3-430D-AF8A-3FDE709CA5AB}.Debug|Any CPU.Build.0 = Debug|Any CPU
		{5E590C4E-C6A3-430D-AF8A-3FDE709CA5AB}.Release|Any CPU.ActiveCfg = Release|Any CPU
		{5E590C4E-C6A3-430D-AF8A-3FDE709CA5AB}.Release|Any CPU.Build.0 = Release|Any CPU
		{C6AEE9B0-2135-43E5-A3D4-805014938024}.Debug|Any CPU.ActiveCfg = Debug|Any CPU
		{C6AEE9B0-2135-43E5-A3D4-805014938024}.Debug|Any CPU.Build.0 = Debug|Any CPU
		{C6AEE9B0-2135-43E5-A3D4-805014938024}.Release|Any CPU.ActiveCfg = Release|Any CPU
		{C6AEE9B0-2135-43E5-A3D4-805014938024}.Release|Any CPU.Build.0 = Release|Any CPU
		{D49C5086-DE27-438D-AAA6-530BF1B4DEB5}.Debug|Any CPU.ActiveCfg = Debug|Any CPU
		{D49C5086-DE27-438D-AAA6-530BF1B4DEB5}.Debug|Any CPU.Build.0 = Debug|Any CPU
		{D49C5086-DE27-438D-AAA6-530BF1B4DEB5}.Release|Any CPU.ActiveCfg = Release|Any CPU
		{D49C5086-DE27-438D-AAA6-530BF1B4DEB5}.Release|Any CPU.Build.0 = Release|Any CPU
		{FD41853B-17CD-44E9-BAC1-114346AD6D79}.Debug|Any CPU.ActiveCfg = Debug|Any CPU
		{FD41853B-17CD-44E9-BAC1-114346AD6D79}.Debug|Any CPU.Build.0 = Debug|Any CPU
		{FD41853B-17CD-44E9-BAC1-114346AD6D79}.Release|Any CPU.ActiveCfg = Release|Any CPU
		{FD41853B-17CD-44E9-BAC1-114346AD6D79}.Release|Any CPU.Build.0 = Release|Any CPU
		{1226BD86-2E62-4115-98D9-CE208DAC8B90}.Debug|Any CPU.ActiveCfg = Debug|Any CPU
		{1226BD86-2E62-4115-98D9-CE208DAC8B90}.Debug|Any CPU.Build.0 = Debug|Any CPU
		{1226BD86-2E62-4115-98D9-CE208DAC8B90}.Release|Any CPU.ActiveCfg = Release|Any CPU
		{1226BD86-2E62-4115-98D9-CE208DAC8B90}.Release|Any CPU.Build.0 = Release|Any CPU
		{BE55420F-1D95-4D19-A490-C9727A32530C}.Debug|Any CPU.ActiveCfg = Debug|Any CPU
		{BE55420F-1D95-4D19-A490-C9727A32530C}.Debug|Any CPU.Build.0 = Debug|Any CPU
		{BE55420F-1D95-4D19-A490-C9727A32530C}.Release|Any CPU.ActiveCfg = Release|Any CPU
		{BE55420F-1D95-4D19-A490-C9727A32530C}.Release|Any CPU.Build.0 = Release|Any CPU
		{9EBDC274-7539-45D5-8087-C25F834E36BD}.Debug|Any CPU.ActiveCfg = Debug|Any CPU
		{9EBDC274-7539-45D5-8087-C25F834E36BD}.Debug|Any CPU.Build.0 = Debug|Any CPU
		{9EBDC274-7539-45D5-8087-C25F834E36BD}.Release|Any CPU.ActiveCfg = Release|Any CPU
		{9EBDC274-7539-45D5-8087-C25F834E36BD}.Release|Any CPU.Build.0 = Release|Any CPU
		{DE8F003F-CDA5-4CBB-B91C-A25480F21414}.Debug|Any CPU.ActiveCfg = Debug|Any CPU
		{DE8F003F-CDA5-4CBB-B91C-A25480F21414}.Debug|Any CPU.Build.0 = Debug|Any CPU
		{DE8F003F-CDA5-4CBB-B91C-A25480F21414}.Release|Any CPU.ActiveCfg = Release|Any CPU
		{DE8F003F-CDA5-4CBB-B91C-A25480F21414}.Release|Any CPU.Build.0 = Release|Any CPU
	EndGlobalSection
	GlobalSection(SolutionProperties) = preSolution
		HideSolutionNode = FALSE
	EndGlobalSection
	GlobalSection(NestedProjects) = preSolution
		{77BA3458-1FCC-4C95-8197-2C8714AF132B} = {750C65CA-09FB-465D-B9F3-D53980C9FD4E}
		{C4365B52-6404-4D41-AB9E-D88710EBDF41} = {750C65CA-09FB-465D-B9F3-D53980C9FD4E}
		{3AA8676E-327D-4128-9991-16A194ADFD89} = {750C65CA-09FB-465D-B9F3-D53980C9FD4E}
		{ADB620F4-7F21-4D6F-861D-302A5907F1AD} = {750C65CA-09FB-465D-B9F3-D53980C9FD4E}
		{E6F7E211-7C6B-49B9-8183-8451FE2107D8} = {750C65CA-09FB-465D-B9F3-D53980C9FD4E}
		{92AD8315-B68F-46A3-B44C-C0818242DAAB} = {93C37540-D52A-4F4B-BF2B-91F4A84FB525}
		{D474FDA8-9F76-4843-9098-942648F4FE6D} = {93C37540-D52A-4F4B-BF2B-91F4A84FB525}
		{E12BC1AC-E1E2-4592-A0E3-F92BF39107B5} = {93C37540-D52A-4F4B-BF2B-91F4A84FB525}
		{6A05E9AE-3A45-414E-921A-E3E546CF9345} = {93C37540-D52A-4F4B-BF2B-91F4A84FB525}
		{8BB28D33-7849-4C80-BA10-FF55B27348EC} = {77BA3458-1FCC-4C95-8197-2C8714AF132B}
		{58805620-EB95-4A23-AA26-DB76ED225F44} = {C4365B52-6404-4D41-AB9E-D88710EBDF41}
		{5E590C4E-C6A3-430D-AF8A-3FDE709CA5AB} = {3AA8676E-327D-4128-9991-16A194ADFD89}
		{C6AEE9B0-2135-43E5-A3D4-805014938024} = {ADB620F4-7F21-4D6F-861D-302A5907F1AD}
		{D49C5086-DE27-438D-AAA6-530BF1B4DEB5} = {E6F7E211-7C6B-49B9-8183-8451FE2107D8}
		{FD41853B-17CD-44E9-BAC1-114346AD6D79} = {92AD8315-B68F-46A3-B44C-C0818242DAAB}
		{1226BD86-2E62-4115-98D9-CE208DAC8B90} = {D474FDA8-9F76-4843-9098-942648F4FE6D}
		{BE55420F-1D95-4D19-A490-C9727A32530C} = {E12BC1AC-E1E2-4592-A0E3-F92BF39107B5}
		{9EBDC274-7539-45D5-8087-C25F834E36BD} = {6A05E9AE-3A45-414E-921A-E3E546CF9345}
		{DE8F003F-CDA5-4CBB-B91C-A25480F21414} = {93A57C4F-EBA9-49CB-8E38-EBCC39A8E0DB}
	EndGlobalSection
	GlobalSection(ExtensibilityGlobals) = postSolution
		SolutionGuid = {0CA37AD9-BFE8-4378-959A-F7840DF22C38}
	EndGlobalSection
EndGlobal
